{
  "name": "smart",
  "lockfileVersion": 3,
  "requires": true,
  "packages": {
    "": {
      "dependencies": {
        "jquery-custom-select": "^1.6.4"
      }
    },
    "node_modules/jquery": {
      "version": "3.7.1",
      "resolved": "https://registry.npmjs.org/jquery/-/jquery-3.7.1.tgz",
      "integrity": "sha512-m4avr8yL8kmFN8psrbFFFmB/If14iN5o9nw/NgnnM+kybDJpRsAynV2BsfpTYrTRysYUdADVD7CkUUizgkpLfg==",
      "peer": true
    },
    "node_modules/jquery-custom-select": {
      "version": "1.6.4",
      "resolved": "https://registry.npmjs.org/jquery-custom-select/-/jquery-custom-select-1.6.4.tgz",
      "integrity": "sha512-1oBPrzxOcMLedxo5XWa3zgX69nYms7YGSP2UVoeZNwzWE5TOe+kS98pz9Bk3pgYykow718g/+Azsn7bu6JjTUA==",
      "peerDependencies": {
        "jquery": ">=1.11.3"
      }
    }
  }
}
